
Microsoft Visual Studio Solution File, Format Version 12.00
# Visual Studio Version 16
VisualStudioVersion = 16.0.31129.286
MinimumVisualStudioVersion = 10.0.40219.1
Project("{9A19103F-16F7-4668-BE54-9A1E7A4F7556}") = "TheoMessin.JetBridge.Client", "TheoMessin.JetBridge.Client\TheoMessin.JetBridge.Client.csproj", "{966BB3B6-3B9A-4FDF-A794-AEE6F63FE7AF}"
EndProject
Project("{9A19103F-16F7-4668-BE54-9A1E7A4F7556}") = "TheoMessin.JetBridge.Example", "TheoMessin.JetBridge.Example\TheoMessin.JetBridge.Example.csproj", "{C006ED21-7035-4092-9A95-1B1777BE48B8}"
EndProject
Global
	GlobalSection(SolutionConfigurationPlatforms) = preSolution
		Debug|x64 = Debug|x64
		Release|x64 = Release|x64
	EndGlobalSection
	GlobalSection(ProjectConfigurationPlatforms) = postSolution
		{966BB3B6-3B9A-4FDF-A794-AEE6F63FE7AF}.Debug|x64.ActiveCfg = Debug|x64
		{966BB3B6-3B9A-4FDF-A794-AEE6F63FE7AF}.Debug|x64.Build.0 = Debug|x64
		{966BB3B6-3B9A-4FDF-A794-AEE6F63FE7AF}.Release|x64.ActiveCfg = Release|x64
		{966BB3B6-3B9A-4FDF-A794-AEE6F63FE7AF}.Release|x64.Build.0 = Release|x64
		{C006ED21-7035-4092-9A95-1B1777BE48B8}.Debug|x64.ActiveCfg = Debug|x64
		{C006ED21-7035-4092-9A95-1B1777BE48B8}.Debug|x64.Build.0 = Debug|x64
		{C006ED21-7035-4092-9A95-1B1777BE48B8}.Release|x64.ActiveCfg = Release|Any CPU
		{C006ED21-7035-4092-9A95-1B1777BE48B8}.Release|x64.Build.0 = Release|Any CPU
	EndGlobalSection
	GlobalSection(SolutionProperties) = preSolution
		HideSolutionNode = FALSE
	EndGlobalSection
	GlobalSection(ExtensibilityGlobals) = postSolution
		SolutionGuid = {EBDF73D0-D7A6-4049-9DAB-B71F544C6D80}
	EndGlobalSection
EndGlobal
